
Microsoft Visual Studio Solution File, Format Version 12.00
# Visual Studio Version 17
VisualStudioVersion = 17.0.31903.59
MinimumVisualStudioVersion = 10.0.40219.1
Project("{FAE04EC0-301F-11D3-BF4B-00C04F79EFBC}") = "u01_oop_ilk_uygulama", "u01_oop_ilk_uygulama\u01_oop_ilk_uygulama.csproj", "{78C79C9E-D218-472E-BB28-E4B7625E8DEA}"
EndProject
Project("{FAE04EC0-301F-11D3-BF4B-00C04F79EFBC}") = "u02_cok_bicimlilik", "u02_cok_bicimlilik\u02_cok_bicimlilik.csproj", "{49978F74-4946-45D0-9796-B546A2085590}"
EndProject
Project("{FAE04EC0-301F-11D3-BF4B-00C04F79EFBC}") = "u03_extension_metot", "u03_extension_metot\u03_extension_metot.csproj", "{58352989-025C-4929-9758-1C69FF03006C}"
EndProject
Project("{FAE04EC0-301F-11D3-BF4B-00C04F79EFBC}") = "u04_static_tanimlamalar", "u04_static_tanimlamalar\u04_static_tanimlamalar.csproj", "{0F00E2ED-AB41-4D1A-AE64-13A004FD80C5}"
EndProject
Project("{FAE04EC0-301F-11D3-BF4B-00C04F79EFBC}") = "u05_koleksiyonlar", "u05_koleksiyonlar\u05_koleksiyonlar.csproj", "{3C660036-5145-4F53-85CF-293017CB5578}"
EndProject
Project("{FAE04EC0-301F-11D3-BF4B-00C04F79EFBC}") = "u06_generic_list", "u06_generic_list\u06_generic_list.csproj", "{3B24F572-C4EA-4132-8F39-C6BBF99EC504}"
EndProject
Project("{FAE04EC0-301F-11D3-BF4B-00C04F79EFBC}") = "u07_sozlukler", "u07_sozlukler\u07_sozlukler.csproj", "{F5C8BF72-02EE-4910-A54F-7E741AEFCD68}"
EndProject
Project("{FAE04EC0-301F-11D3-BF4B-00C04F79EFBC}") = "u08_stack_ve_queue", "u08_stack_ve_queue\u08_stack_ve_queue.csproj", "{27CBB3E8-DE83-4B1E-A81D-FB9694808F9A}"
EndProject
Project("{FAE04EC0-301F-11D3-BF4B-00C04F79EFBC}") = "u09_dosyalama1", "u09_dosyalama1\u09_dosyalama1.csproj", "{1FAC2032-DBA2-43B7-B48B-F1144F5B4D54}"
EndProject
Project("{FAE04EC0-301F-11D3-BF4B-00C04F79EFBC}") = "u10_klasor_islemleri", "u10_klasor_islemleri\u10_klasor_islemleri.csproj", "{9E157140-797E-40FA-8737-87739711B444}"
EndProject
Project("{FAE04EC0-301F-11D3-BF4B-00C04F79EFBC}") = "u11_dosya_islemleri", "u11_dosya_islemleri\u11_dosya_islemleri.csproj", "{71B08890-3870-42AB-8AEB-CB987E0C05FC}"
EndProject
Project("{FAE04EC0-301F-11D3-BF4B-00C04F79EFBC}") = "u12_hata_yonetimi", "u12_hata_yonetimi\u12_hata_yonetimi.csproj", "{B121F72E-B9BB-47C9-B097-5CD5C4AF6C57}"
EndProject
Project("{FAE04EC0-301F-11D3-BF4B-00C04F79EFBC}") = "u13_komut_istemi", "u13_komut_istemi\u13_komut_istemi.csproj", "{531D06A3-AD52-45F8-A7C6-662ADEAADBFC}"
EndProject
Project("{FAE04EC0-301F-11D3-BF4B-00C04F79EFBC}") = "u14_interface", "u14_interface\u14_interface.csproj", "{C79F1D1B-ACD7-441B-B80E-872EB65245AF}"
EndProject
Global
	GlobalSection(SolutionConfigurationPlatforms) = preSolution
		Debug|Any CPU = Debug|Any CPU
		Release|Any CPU = Release|Any CPU
	EndGlobalSection
	GlobalSection(SolutionProperties) = preSolution
		HideSolutionNode = FALSE
	EndGlobalSection
	GlobalSection(ProjectConfigurationPlatforms) = postSolution
		{78C79C9E-D218-472E-BB28-E4B7625E8DEA}.Debug|Any CPU.ActiveCfg = Debug|Any CPU
		{78C79C9E-D218-472E-BB28-E4B7625E8DEA}.Debug|Any CPU.Build.0 = Debug|Any CPU
		{78C79C9E-D218-472E-BB28-E4B7625E8DEA}.Release|Any CPU.ActiveCfg = Release|Any CPU
		{78C79C9E-D218-472E-BB28-E4B7625E8DEA}.Release|Any CPU.Build.0 = Release|Any CPU
		{49978F74-4946-45D0-9796-B546A2085590}.Debug|Any CPU.ActiveCfg = Debug|Any CPU
		{49978F74-4946-45D0-9796-B546A2085590}.Debug|Any CPU.Build.0 = Debug|Any CPU
		{49978F74-4946-45D0-9796-B546A2085590}.Release|Any CPU.ActiveCfg = Release|Any CPU
		{49978F74-4946-45D0-9796-B546A2085590}.Release|Any CPU.Build.0 = Release|Any CPU
		{58352989-025C-4929-9758-1C69FF03006C}.Debug|Any CPU.ActiveCfg = Debug|Any CPU
		{58352989-025C-4929-9758-1C69FF03006C}.Debug|Any CPU.Build.0 = Debug|Any CPU
		{58352989-025C-4929-9758-1C69FF03006C}.Release|Any CPU.ActiveCfg = Release|Any CPU
		{58352989-025C-4929-9758-1C69FF03006C}.Release|Any CPU.Build.0 = Release|Any CPU
		{0F00E2ED-AB41-4D1A-AE64-13A004FD80C5}.Debug|Any CPU.ActiveCfg = Debug|Any CPU
		{0F00E2ED-AB41-4D1A-AE64-13A004FD80C5}.Debug|Any CPU.Build.0 = Debug|Any CPU
		{0F00E2ED-AB41-4D1A-AE64-13A004FD80C5}.Release|Any CPU.ActiveCfg = Release|Any CPU
		{0F00E2ED-AB41-4D1A-AE64-13A004FD80C5}.Release|Any CPU.Build.0 = Release|Any CPU
		{3C660036-5145-4F53-85CF-293017CB5578}.Debug|Any CPU.ActiveCfg = Debug|Any CPU
		{3C660036-5145-4F53-85CF-293017CB5578}.Debug|Any CPU.Build.0 = Debug|Any CPU
		{3C660036-5145-4F53-85CF-293017CB5578}.Release|Any CPU.ActiveCfg = Release|Any CPU
		{3C660036-5145-4F53-85CF-293017CB5578}.Release|Any CPU.Build.0 = Release|Any CPU
		{3B24F572-C4EA-4132-8F39-C6BBF99EC504}.Debug|Any CPU.ActiveCfg = Debug|Any CPU
		{3B24F572-C4EA-4132-8F39-C6BBF99EC504}.Debug|Any CPU.Build.0 = Debug|Any CPU
		{3B24F572-C4EA-4132-8F39-C6BBF99EC504}.Release|Any CPU.ActiveCfg = Release|Any CPU
		{3B24F572-C4EA-4132-8F39-C6BBF99EC504}.Release|Any CPU.Build.0 = Release|Any CPU
		{F5C8BF72-02EE-4910-A54F-7E741AEFCD68}.Debug|Any CPU.ActiveCfg = Debug|Any CPU
		{F5C8BF72-02EE-4910-A54F-7E741AEFCD68}.Debug|Any CPU.Build.0 = Debug|Any CPU
		{F5C8BF72-02EE-4910-A54F-7E741AEFCD68}.Release|Any CPU.ActiveCfg = Release|Any CPU
		{F5C8BF72-02EE-4910-A54F-7E741AEFCD68}.Release|Any CPU.Build.0 = Release|Any CPU
		{27CBB3E8-DE83-4B1E-A81D-FB9694808F9A}.Debug|Any CPU.ActiveCfg = Debug|Any CPU
		{27CBB3E8-DE83-4B1E-A81D-FB9694808F9A}.Debug|Any CPU.Build.0 = Debug|Any CPU
		{27CBB3E8-DE83-4B1E-A81D-FB9694808F9A}.Release|Any CPU.ActiveCfg = Release|Any CPU
		{27CBB3E8-DE83-4B1E-A81D-FB9694808F9A}.Release|Any CPU.Build.0 = Release|Any CPU
		{1FAC2032-DBA2-43B7-B48B-F1144F5B4D54}.Debug|Any CPU.ActiveCfg = Debug|Any CPU
		{1FAC2032-DBA2-43B7-B48B-F1144F5B4D54}.Debug|Any CPU.Build.0 = Debug|Any CPU
		{1FAC2032-DBA2-43B7-B48B-F1144F5B4D54}.Release|Any CPU.ActiveCfg = Release|Any CPU
		{1FAC2032-DBA2-43B7-B48B-F1144F5B4D54}.Release|Any CPU.Build.0 = Release|Any CPU
		{9E157140-797E-40FA-8737-87739711B444}.Debug|Any CPU.ActiveCfg = Debug|Any CPU
		{9E157140-797E-40FA-8737-87739711B444}.Debug|Any CPU.Build.0 = Debug|Any CPU
		{9E157140-797E-40FA-8737-87739711B444}.Release|Any CPU.ActiveCfg = Release|Any CPU
		{9E157140-797E-40FA-8737-87739711B444}.Release|Any CPU.Build.0 = Release|Any CPU
		{71B08890-3870-42AB-8AEB-CB987E0C05FC}.Debug|Any CPU.ActiveCfg = Debug|Any CPU
		{71B08890-3870-42AB-8AEB-CB987E0C05FC}.Debug|Any CPU.Build.0 = Debug|Any CPU
		{71B08890-3870-42AB-8AEB-CB987E0C05FC}.Release|Any CPU.ActiveCfg = Release|Any CPU
		{71B08890-3870-42AB-8AEB-CB987E0C05FC}.Release|Any CPU.Build.0 = Release|Any CPU
		{B121F72E-B9BB-47C9-B097-5CD5C4AF6C57}.Debug|Any CPU.ActiveCfg = Debug|Any CPU
		{B121F72E-B9BB-47C9-B097-5CD5C4AF6C57}.Debug|Any CPU.Build.0 = Debug|Any CPU
		{B121F72E-B9BB-47C9-B097-5CD5C4AF6C57}.Release|Any CPU.ActiveCfg = Release|Any CPU
		{B121F72E-B9BB-47C9-B097-5CD5C4AF6C57}.Release|Any CPU.Build.0 = Release|Any CPU
		{531D06A3-AD52-45F8-A7C6-662ADEAADBFC}.Debug|Any CPU.ActiveCfg = Debug|Any CPU
		{531D06A3-AD52-45F8-A7C6-662ADEAADBFC}.Debug|Any CPU.Build.0 = Debug|Any CPU
		{531D06A3-AD52-45F8-A7C6-662ADEAADBFC}.Release|Any CPU.ActiveCfg = Release|Any CPU
		{531D06A3-AD52-45F8-A7C6-662ADEAADBFC}.Release|Any CPU.Build.0 = Release|Any CPU
		{C79F1D1B-ACD7-441B-B80E-872EB65245AF}.Debug|Any CPU.ActiveCfg = Debug|Any CPU
		{C79F1D1B-ACD7-441B-B80E-872EB65245AF}.Debug|Any CPU.Build.0 = Debug|Any CPU
		{C79F1D1B-ACD7-441B-B80E-872EB65245AF}.Release|Any CPU.ActiveCfg = Release|Any CPU
		{C79F1D1B-ACD7-441B-B80E-872EB65245AF}.Release|Any CPU.Build.0 = Release|Any CPU
	EndGlobalSection
EndGlobal
