
Microsoft Visual Studio Solution File, Format Version 12.00
# Visual Studio Version 17
VisualStudioVersion = 17.0.31903.59
MinimumVisualStudioVersion = 10.0.40219.1
Project("{FAE04EC0-301F-11D3-BF4B-00C04F79EFBC}") = "u01_oop_ilk_uygulama", "u01_oop_ilk_uygulama\u01_oop_ilk_uygulama.csproj", "{78C79C9E-D218-472E-BB28-E4B7625E8DEA}"
EndProject
Project("{FAE04EC0-301F-11D3-BF4B-00C04F79EFBC}") = "u02_cok_bicimlilik", "u02_cok_bicimlilik\u02_cok_bicimlilik.csproj", "{49978F74-4946-45D0-9796-B546A2085590}"
EndProject
Project("{FAE04EC0-301F-11D3-BF4B-00C04F79EFBC}") = "u03_extension_metot", "u03_extension_metot\u03_extension_metot.csproj", "{58352989-025C-4929-9758-1C69FF03006C}"
EndProject
Project("{FAE04EC0-301F-11D3-BF4B-00C04F79EFBC}") = "u04_static_tanimlamalar", "u04_static_tanimlamalar\u04_static_tanimlamalar.csproj", "{0F00E2ED-AB41-4D1A-AE64-13A004FD80C5}"
EndProject
Project("{FAE04EC0-301F-11D3-BF4B-00C04F79EFBC}") = "u05_koleksiyonlar", "u05_koleksiyonlar\u05_koleksiyonlar.csproj", "{3C660036-5145-4F53-85CF-293017CB5578}"
EndProject
Project("{FAE04EC0-301F-11D3-BF4B-00C04F79EFBC}") = "u06_generic_list", "u06_generic_list\u06_generic_list.csproj", "{3B24F572-C4EA-4132-8F39-C6BBF99EC504}"
EndProject
Global
	GlobalSection(SolutionConfigurationPlatforms) = preSolution
		Debug|Any CPU = Debug|Any CPU
		Release|Any CPU = Release|Any CPU
	EndGlobalSection
	GlobalSection(SolutionProperties) = preSolution
		HideSolutionNode = FALSE
	EndGlobalSection
	GlobalSection(ProjectConfigurationPlatforms) = postSolution
		{78C79C9E-D218-472E-BB28-E4B7625E8DEA}.Debug|Any CPU.ActiveCfg = Debug|Any CPU
		{78C79C9E-D218-472E-BB28-E4B7625E8DEA}.Debug|Any CPU.Build.0 = Debug|Any CPU
		{78C79C9E-D218-472E-BB28-E4B7625E8DEA}.Release|Any CPU.ActiveCfg = Release|Any CPU
		{78C79C9E-D218-472E-BB28-E4B7625E8DEA}.Release|Any CPU.Build.0 = Release|Any CPU
		{49978F74-4946-45D0-9796-B546A2085590}.Debug|Any CPU.ActiveCfg = Debug|Any CPU
		{49978F74-4946-45D0-9796-B546A2085590}.Debug|Any CPU.Build.0 = Debug|Any CPU
		{49978F74-4946-45D0-9796-B546A2085590}.Release|Any CPU.ActiveCfg = Release|Any CPU
		{49978F74-4946-45D0-9796-B546A2085590}.Release|Any CPU.Build.0 = Release|Any CPU
		{58352989-025C-4929-9758-1C69FF03006C}.Debug|Any CPU.ActiveCfg = Debug|Any CPU
		{58352989-025C-4929-9758-1C69FF03006C}.Debug|Any CPU.Build.0 = Debug|Any CPU
		{58352989-025C-4929-9758-1C69FF03006C}.Release|Any CPU.ActiveCfg = Release|Any CPU
		{58352989-025C-4929-9758-1C69FF03006C}.Release|Any CPU.Build.0 = Release|Any CPU
		{0F00E2ED-AB41-4D1A-AE64-13A004FD80C5}.Debug|Any CPU.ActiveCfg = Debug|Any CPU
		{0F00E2ED-AB41-4D1A-AE64-13A004FD80C5}.Debug|Any CPU.Build.0 = Debug|Any CPU
		{0F00E2ED-AB41-4D1A-AE64-13A004FD80C5}.Release|Any CPU.ActiveCfg = Release|Any CPU
		{0F00E2ED-AB41-4D1A-AE64-13A004FD80C5}.Release|Any CPU.Build.0 = Release|Any CPU
		{3C660036-5145-4F53-85CF-293017CB5578}.Debug|Any CPU.ActiveCfg = Debug|Any CPU
		{3C660036-5145-4F53-85CF-293017CB5578}.Debug|Any CPU.Build.0 = Debug|Any CPU
		{3C660036-5145-4F53-85CF-293017CB5578}.Release|Any CPU.ActiveCfg = Release|Any CPU
		{3C660036-5145-4F53-85CF-293017CB5578}.Release|Any CPU.Build.0 = Release|Any CPU
		{3B24F572-C4EA-4132-8F39-C6BBF99EC504}.Debug|Any CPU.ActiveCfg = Debug|Any CPU
		{3B24F572-C4EA-4132-8F39-C6BBF99EC504}.Debug|Any CPU.Build.0 = Debug|Any CPU
		{3B24F572-C4EA-4132-8F39-C6BBF99EC504}.Release|Any CPU.ActiveCfg = Release|Any CPU
		{3B24F572-C4EA-4132-8F39-C6BBF99EC504}.Release|Any CPU.Build.0 = Release|Any CPU
	EndGlobalSection
EndGlobal
